
Microsoft Visual Studio Solution File, Format Version 12.00
# Visual Studio Version 16
VisualStudioVersion = 16.0.31019.35
MinimumVisualStudioVersion = 10.0.40219.1
Project("{9A19103F-16F7-4668-BE54-9A1E7A4F7556}") = "Yarsey.Domain", "Yarsey.Domain\Yarsey.Domain.csproj", "{88875DC4-0AEC-4133-8B66-636F594D0A4E}"
EndProject
Project("{9A19103F-16F7-4668-BE54-9A1E7A4F7556}") = "Yarsey.EntityFramework", "Yarsey.EntityFramework\Yarsey.EntityFramework.csproj", "{E2989958-FEB7-4141-9043-42DEDC070539}"
EndProject
Project("{9A19103F-16F7-4668-BE54-9A1E7A4F7556}") = "Yarsey.WPF", "Yarsey.WPF\Yarsey.WPF.csproj", "{13F5A387-E222-4A56-9561-25FE2FABB383}"
EndProject
Global
	GlobalSection(SolutionConfigurationPlatforms) = preSolution
		Debug|Any CPU = Debug|Any CPU
		Release|Any CPU = Release|Any CPU
	EndGlobalSection
	GlobalSection(ProjectConfigurationPlatforms) = postSolution
		{88875DC4-0AEC-4133-8B66-636F594D0A4E}.Debug|Any CPU.ActiveCfg = Debug|Any CPU
		{88875DC4-0AEC-4133-8B66-636F594D0A4E}.Debug|Any CPU.Build.0 = Debug|Any CPU
		{88875DC4-0AEC-4133-8B66-636F594D0A4E}.Release|Any CPU.ActiveCfg = Release|Any CPU
		{88875DC4-0AEC-4133-8B66-636F594D0A4E}.Release|Any CPU.Build.0 = Release|Any CPU
		{E2989958-FEB7-4141-9043-42DEDC070539}.Debug|Any CPU.ActiveCfg = Debug|Any CPU
		{E2989958-FEB7-4141-9043-42DEDC070539}.Debug|Any CPU.Build.0 = Debug|Any CPU
		{E2989958-FEB7-4141-9043-42DEDC070539}.Release|Any CPU.ActiveCfg = Release|Any CPU
		{E2989958-FEB7-4141-9043-42DEDC070539}.Release|Any CPU.Build.0 = Release|Any CPU
		{13F5A387-E222-4A56-9561-25FE2FABB383}.Debug|Any CPU.ActiveCfg = Debug|Any CPU
		{13F5A387-E222-4A56-9561-25FE2FABB383}.Debug|Any CPU.Build.0 = Debug|Any CPU
		{13F5A387-E222-4A56-9561-25FE2FABB383}.Release|Any CPU.ActiveCfg = Release|Any CPU
		{13F5A387-E222-4A56-9561-25FE2FABB383}.Release|Any CPU.Build.0 = Release|Any CPU
	EndGlobalSection
	GlobalSection(SolutionProperties) = preSolution
		HideSolutionNode = FALSE
	EndGlobalSection
	GlobalSection(ExtensibilityGlobals) = postSolution
		SolutionGuid = {C488BCD9-65A3-45C0-AE0B-1BCB53E0A073}
	EndGlobalSection
EndGlobal
